
Microsoft Visual Studio Solution File, Format Version 12.00
# Visual Studio Version 16
VisualStudioVersion = 16.0.30104.148
MinimumVisualStudioVersion = 10.0.40219.1
Project("{FAE04EC0-301F-11D3-BF4B-00C04F79EFBC}") = "Partial_view_2_example", "Partial_view_2_example\Partial_view_2_example.csproj", "{5CFD1807-A1B8-4E28-B3AE-DE7E35FD7ADC}"
EndProject
Global
	GlobalSection(SolutionConfigurationPlatforms) = preSolution
		Debug|Any CPU = Debug|Any CPU
		Release|Any CPU = Release|Any CPU
	EndGlobalSection
	GlobalSection(ProjectConfigurationPlatforms) = postSolution
		{5CFD1807-A1B8-4E28-B3AE-DE7E35FD7ADC}.Debug|Any CPU.ActiveCfg = Debug|Any CPU
		{5CFD1807-A1B8-4E28-B3AE-DE7E35FD7ADC}.Debug|Any CPU.Build.0 = Debug|Any CPU
		{5CFD1807-A1B8-4E28-B3AE-DE7E35FD7ADC}.Release|Any CPU.ActiveCfg = Release|Any CPU
		{5CFD1807-A1B8-4E28-B3AE-DE7E35FD7ADC}.Release|Any CPU.Build.0 = Release|Any CPU
	EndGlobalSection
	GlobalSection(SolutionProperties) = preSolution
		HideSolutionNode = FALSE
	EndGlobalSection
	GlobalSection(ExtensibilityGlobals) = postSolution
		SolutionGuid = {1DADA0A8-65D6-4EC0-BCC2-EB3BF115775B}
	EndGlobalSection
EndGlobal
